// !$*UTF8*$!
{
	archiveVersion = 1;
	classes = {
	};
	objectVersion = 46;
	objects = {

/* Begin PBXBuildFile section */
		A2D824991B22BCA60012BD05 /* AppDelegate.swift in Sources */ = {isa = PBXBuildFile; fileRef = A2D824981B22BCA60012BD05 /* AppDelegate.swift */; };
		A2D8249C1B22BCA60012BD05 /* count3.xcdatamodeld in Sources */ = {isa = PBXBuildFile; fileRef = A2D8249A1B22BCA60012BD05 /* count3.xcdatamodeld */; };
		A2D8249E1B22BCA60012BD05 /* ViewController.swift in Sources */ = {isa = PBXBuildFile; fileRef = A2D8249D1B22BCA60012BD05 /* ViewController.swift */; };
		A2D824A11B22BCA60012BD05 /* Main.storyboard in Resources */ = {isa = PBXBuildFile; fileRef = A2D8249F1B22BCA60012BD05 /* Main.storyboard */; };
		A2D824A31B22BCA60012BD05 /* Images.xcassets in Resources */ = {isa = PBXBuildFile; fileRef = A2D824A21B22BCA60012BD05 /* Images.xcassets */; };
		A2D824A61B22BCA60012BD05 /* LaunchScreen.xib in Resources */ = {isa = PBXBuildFile; fileRef = A2D824A41B22BCA60012BD05 /* LaunchScreen.xib */; };
		A2D824B21B22BCA60012BD05 /* count3Tests.swift in Sources */ = {isa = PBXBuildFile; fileRef = A2D824B11B22BCA60012BD05 /* count3Tests.swift */; };
/* End PBXBuildFile section */

/* Begin PBXContainerItemProxy section */
		A2D824AC1B22BCA60012BD05 /* PBXContainerItemProxy */ = {
			isa = PBXContainerItemProxy;
			containerPortal = A2D8248B1B22BCA60012BD05 /* Project object */;
			proxyType = 1;
			remoteGlobalIDString = A2D824921B22BCA60012BD05;
			remoteInfo = count3;
		};
/* End PBXContainerItemProxy section */

/* Begin PBXFileReference section */
		A2D824931B22BCA60012BD05 /* count3.app */ = {isa = PBXFileReference; explicitFileType = wrapper.application; includeInIndex = 0; path = count3.app; sourceTree = BUILT_PRODUCTS_DIR; };
		A2D824971B22BCA60012BD05 /* Info.plist */ = {isa = PBXFileReference; lastKnownFileType = text.plist.xml; path = Info.plist; sourceTree = "<group>"; };
		A2D824981B22BCA60012BD05 /* AppDelegate.swift */ = {isa = PBXFileReference; lastKnownFileType = sourcecode.swift; path = AppDelegate.swift; sourceTree = "<group>"; };
		A2D8249B1B22BCA60012BD05 /* count3.xcdatamodel */ = {isa = PBXFileReference; lastKnownFileType = wrapper.xcdatamodel; path = count3.xcdatamodel; sourceTree = "<group>"; };
		A2D8249D1B22BCA60012BD05 /* ViewController.swift */ = {isa = PBXFileReference; lastKnownFileType = sourcecode.swift; path = ViewController.swift; sourceTree = "<group>"; };
		A2D824A01B22BCA60012BD05 /* Base */ = {isa = PBXFileReference; lastKnownFileType = file.storyboard; name = Base; path = Base.lproj/Main.storyboard; sourceTree = "<group>"; };
		A2D824A21B22BCA60012BD05 /* Images.xcassets */ = {isa = PBXFileReference; lastKnownFileType = folder.assetcatalog; path = Images.xcassets; sourceTree = "<group>"; };
		A2D824A51B22BCA60012BD05 /* Base */ = {isa = PBXFileReference; lastKnownFileType = file.xib; name = Base; path = Base.lproj/LaunchScreen.xib; sourceTree = "<group>"; };
		A2D824AB1B22BCA60012BD05 /* count3Tests.xctest */ = {isa = PBXFileReference; explicitFileType = wrapper.cfbundle; includeInIndex = 0; path = count3Tests.xctest; sourceTree = BUILT_PRODUCTS_DIR; };
		A2D824B01B22BCA60012BD05 /* Info.plist */ = {isa = PBXFileReference; lastKnownFileType = text.plist.xml; path = Info.plist; sourceTree = "<group>"; };
		A2D824B11B22BCA60012BD05 /* count3Tests.swift */ = {isa = PBXFileReference; lastKnownFileType = sourcecode.swift; path = count3Tests.swift; sourceTree = "<group>"; };
/* End PBXFileReference section */

/* Begin PBXFrameworksBuildPhase section */
		A2D824901B22BCA60012BD05 /* Frameworks */ = {
			isa = PBXFrameworksBuildPhase;
			buildActionMask = 2147483647;
			files = (
			);
			runOnlyForDeploymentPostprocessing = 0;
		};
		A2D824A81B22BCA60012BD05 /* Frameworks */ = {
			isa = PBXFrameworksBuildPhase;
			buildActionMask = 2147483647;
			files = (
			);
			runOnlyForDeploymentPostprocessing = 0;
		};
/* End PBXFrameworksBuildPhase section */

/* Begin PBXGroup section */
		A2D8248A1B22BCA60012BD05 = {
			isa = PBXGroup;
			children = (
				A2D824951B22BCA60012BD05 /* count3 */,
				A2D824AE1B22BCA60012BD05 /* count3Tests */,
				A2D824941B22BCA60012BD05 /* Products */,
			);
			sourceTree = "<group>";
		};
		A2D824941B22BCA60012BD05 /* Products */ = {
			isa = PBXGroup;
			children = (
				A2D824931B22BCA60012BD05 /* count3.app */,
				A2D824AB1B22BCA60012BD05 /* count3Tests.xctest */,
			);
			name = Products;
			sourceTree = "<group>";
		};
		A2D824951B22BCA60012BD05 /* count3 */ = {
			isa = PBXGroup;
			children = (
				A2D824981B22BCA60012BD05 /* AppDelegate.swift */,
				A2D8249D1B22BCA60012BD05 /* ViewController.swift */,
				A2D8249F1B22BCA60012BD05 /* Main.storyboard */,
				A2D824A21B22BCA60012BD05 /* Images.xcassets */,
				A2D824A41B22BCA60012BD05 /* LaunchScreen.xib */,
				A2D8249A1B22BCA60012BD05 /* count3.xcdatamodeld */,
				A2D824961B22BCA60012BD05 /* Supporting Files */,
			);
			path = count3;
			sourceTree = "<group>";
		};
		A2D824961B22BCA60012BD05 /* Supporting Files */ = {
			isa = PBXGroup;
			children = (
				A2D824971B22BCA60012BD05 /* Info.plist */,
			);
			name = "Supporting Files";
			sourceTree = "<group>";
		};
		A2D824AE1B22BCA60012BD05 /* count3Tests */ = {
			isa = PBXGroup;
			children = (
				A2D824B11B22BCA60012BD05 /* count3Tests.swift */,
				A2D824AF1B22BCA60012BD05 /* Supporting Files */,
			);
			path = count3Tests;
			sourceTree = "<group>";
		};
		A2D824AF1B22BCA60012BD05 /* Supporting Files */ = {
			isa = PBXGroup;
			children = (
				A2D824B01B22BCA60012BD05 /* Info.plist */,
			);
			name = "Supporting Files";
			sourceTree = "<group>";
		};
/* End PBXGroup section */

/* Begin PBXNativeTarget section */
		A2D824921B22BCA60012BD05 /* count3 */ = {
			isa = PBXNativeTarget;
			buildConfigurationList = A2D824B51B22BCA60012BD05 /* Build configuration list for PBXNativeTarget "count3" */;
			buildPhases = (
				A2D8248F1B22BCA60012BD05 /* Sources */,
				A2D824901B22BCA60012BD05 /* Frameworks */,
				A2D824911B22BCA60012BD05 /* Resources */,
			);
			buildRules = (
			);
			dependencies = (
			);
			name = count3;
			productName = count3;
			productReference = A2D824931B22BCA60012BD05 /* count3.app */;
			productType = "com.apple.product-type.application";
		};
		A2D824AA1B22BCA60012BD05 /* count3Tests */ = {
			isa = PBXNativeTarget;
			buildConfigurationList = A2D824B81B22BCA60012BD05 /* Build configuration list for PBXNativeTarget "count3Tests" */;
			buildPhases = (
				A2D824A71B22BCA60012BD05 /* Sources */,
				A2D824A81B22BCA60012BD05 /* Frameworks */,
				A2D824A91B22BCA60012BD05 /* Resources */,
			);
			buildRules = (
			);
			dependencies = (
				A2D824AD1B22BCA60012BD05 /* PBXTargetDependency */,
			);
			name = count3Tests;
			productName = count3Tests;
			productReference = A2D824AB1B22BCA60012BD05 /* count3Tests.xctest */;
			productType = "com.apple.product-type.bundle.unit-test";
		};
/* End PBXNativeTarget section */

/* Begin PBXProject section */
		A2D8248B1B22BCA60012BD05 /* Project object */ = {
			isa = PBXProject;
			attributes = {
				LastUpgradeCheck = 0630;
				ORGANIZATIONNAME = "渡辺 貴俊";
				TargetAttributes = {
					A2D824921B22BCA60012BD05 = {
						CreatedOnToolsVersion = 6.3.1;
					};
					A2D824AA1B22BCA60012BD05 = {
						CreatedOnToolsVersion = 6.3.1;
						TestTargetID = A2D824921B22BCA60012BD05;
					};
				};
			};
			buildConfigurationList = A2D8248E1B22BCA60012BD05 /* Build configuration list for PBXProject "count3" */;
			compatibilityVersion = "Xcode 3.2";
			developmentRegion = English;
			hasScannedForEncodings = 0;
			knownRegions = (
				en,
				Base,
			);
			mainGroup = A2D8248A1B22BCA60012BD05;
			productRefGroup = A2D824941B22BCA60012BD05 /* Products */;
			projectDirPath = "";
			projectRoot = "";
			targets = (
				A2D824921B22BCA60012BD05 /* count3 */,
				A2D824AA1B22BCA60012BD05 /* count3Tests */,
			);
		};
/* End PBXProject section */

/* Begin PBXResourcesBuildPhase section */
		A2D824911B22BCA60012BD05 /* Resources */ = {
			isa = PBXResourcesBuildPhase;
			buildActionMask = 2147483647;
			files = (
				A2D824A11B22BCA60012BD05 /* Main.storyboard in Resources */,
				A2D824A61B22BCA60012BD05 /* LaunchScreen.xib in Resources */,
				A2D824A31B22BCA60012BD05 /* Images.xcassets in Resources */,
			);
			runOnlyForDeploymentPostprocessing = 0;
		};
		A2D824A91B22BCA60012BD05 /* Resources */ = {
			isa = PBXResourcesBuildPhase;
			buildActionMask = 2147483647;
			files = (
			);
			runOnlyForDeploymentPostprocessing = 0;
		};
/* End PBXResourcesBuildPhase section */

/* Begin PBXSourcesBuildPhase section */
		A2D8248F1B22BCA60012BD05 /* Sources */ = {
			isa = PBXSourcesBuildPhase;
			buildActionMask = 2147483647;
			files = (
				A2D8249E1B22BCA60012BD05 /* ViewController.swift in Sources */,
				A2D824991B22BCA60012BD05 /* AppDelegate.swift in Sources */,
				A2D8249C1B22BCA60012BD05 /* count3.xcdatamodeld in Sources */,
			);
			runOnlyForDeploymentPostprocessing = 0;
		};
		A2D824A71B22BCA60012BD05 /* Sources */ = {
			isa = PBXSourcesBuildPhase;
			buildActionMask = 2147483647;
			files = (
				A2D824B21B22BCA60012BD05 /* count3Tests.swift in Sources */,
			);
			runOnlyForDeploymentPostprocessing = 0;
		};
/* End PBXSourcesBuildPhase section */

/* Begin PBXTargetDependency section */
		A2D824AD1B22BCA60012BD05 /* PBXTargetDependency */ = {
			isa = PBXTargetDependency;
			target = A2D824921B22BCA60012BD05 /* count3 */;
			targetProxy = A2D824AC1B22BCA60012BD05 /* PBXContainerItemProxy */;
		};
/* End PBXTargetDependency section */

/* Begin PBXVariantGroup section */
		A2D8249F1B22BCA60012BD05 /* Main.storyboard */ = {
			isa = PBXVariantGroup;
			children = (
				A2D824A01B22BCA60012BD05 /* Base */,
			);
			name = Main.storyboard;
			sourceTree = "<group>";
		};
		A2D824A41B22BCA60012BD05 /* LaunchScreen.xib */ = {
			isa = PBXVariantGroup;
			children = (
				A2D824A51B22BCA60012BD05 /* Base */,
			);
			name = LaunchScreen.xib;
			sourceTree = "<group>";
		};
/* End PBXVariantGroup section */

/* Begin XCBuildConfiguration section */
		A2D824B31B22BCA60012BD05 /* Debug */ = {
			isa = XCBuildConfiguration;
			buildSettings = {
				ALWAYS_SEARCH_USER_PATHS = NO;
				CLANG_CXX_LANGUAGE_STANDARD = "gnu++0x";
				CLANG_CXX_LIBRARY = "libc++";
				CLANG_ENABLE_MODULES = YES;
				CLANG_ENABLE_OBJC_ARC = YES;
				CLANG_WARN_BOOL_CONVERSION = YES;
				CLANG_WARN_CONSTANT_CONVERSION = YES;
				CLANG_WARN_DIRECT_OBJC_ISA_USAGE = YES_ERROR;
				CLANG_WARN_EMPTY_BODY = YES;
				CLANG_WARN_ENUM_CONVERSION = YES;
				CLANG_WARN_INT_CONVERSION = YES;
				CLANG_WARN_OBJC_ROOT_CLASS = YES_ERROR;
				CLANG_WARN_UNREACHABLE_CODE = YES;
				CLANG_WARN__DUPLICATE_METHOD_MATCH = YES;
				"CODE_SIGN_IDENTITY[sdk=iphoneos*]" = "iPhone Developer";
				COPY_PHASE_STRIP = NO;
				DEBUG_INFORMATION_FORMAT = "dwarf-with-dsym";
				ENABLE_STRICT_OBJC_MSGSEND = YES;
				GCC_C_LANGUAGE_STANDARD = gnu99;
				GCC_DYNAMIC_NO_PIC = NO;
				GCC_NO_COMMON_BLOCKS = YES;
				GCC_OPTIMIZATION_LEVEL = 0;
				GCC_PREPROCESSOR_DEFINITIONS = (
					"DEBUG=1",
					"$(inherited)",
				);
				GCC_SYMBOLS_PRIVATE_EXTERN = NO;
				GCC_WARN_64_TO_32_BIT_CONVERSION = YES;
				GCC_WARN_ABOUT_RETURN_TYPE = YES_ERROR;
				GCC_WARN_UNDECLARED_SELECTOR = YES;
				GCC_WARN_UNINITIALIZED_AUTOS = YES_AGGRESSIVE;
				GCC_WARN_UNUSED_FUNCTION = YES;
				GCC_WARN_UNUSED_VARIABLE = YES;
				IPHONEOS_DEPLOYMENT_TARGET = 8.3;
				MTL_ENABLE_DEBUG_INFO = YES;
				ONLY_ACTIVE_ARCH = YES;
				SDKROOT = iphoneos;
				SWIFT_OPTIMIZATION_LEVEL = "-Onone";
			};
			name = Debug;
		};
		A2D824B41B22BCA60012BD05 /* Release */ = {
			isa = XCBuildConfiguration;
			buildSettings = {
				ALWAYS_SEARCH_USER_PATHS = NO;
				CLANG_CXX_LANGUAGE_STANDARD = "gnu++0x";
				CLANG_CXX_LIBRARY = "libc++";
				CLANG_ENABLE_MODULES = YES;
				CLANG_ENABLE_OBJC_ARC = YES;
				CLANG_WARN_BOOL_CONVERSION = YES;
				CLANG_WARN_CONSTANT_CONVERSION = YES;
				CLANG_WARN_DIRECT_OBJC_ISA_USAGE = YES_ERROR;
				CLANG_WARN_EMPTY_BODY = YES;
				CLANG_WARN_ENUM_CONVERSION = YES;
				CLANG_WARN_INT_CONVERSION = YES;
				CLANG_WARN_OBJC_ROOT_CLASS = YES_ERROR;
				CLANG_WARN_UNREACHABLE_CODE = YES;
				CLANG_WARN__DUPLICATE_METHOD_MATCH = YES;
				"CODE_SIGN_IDENTITY[sdk=iphoneos*]" = "iPhone Developer";
				COPY_PHASE_STRIP = NO;
				DEBUG_INFORMATION_FORMAT = "dwarf-with-dsym";
				ENABLE_NS_ASSERTIONS = NO;
				ENABLE_STRICT_OBJC_MSGSEND = YES;
				GCC_C_LANGUAGE_STANDARD = gnu99;
				GCC_NO_COMMON_BLOCKS = YES;
				GCC_WARN_64_TO_32_BIT_CONVERSION = YES;
				GCC_WARN_ABOUT_RETURN_TYPE = YES_ERROR;
				GCC_WARN_UNDECLARED_SELECTOR = YES;
				GCC_WARN_UNINITIALIZED_AUTOS = YES_AGGRESSIVE;
				GCC_WARN_UNUSED_FUNCTION = YES;
				GCC_WARN_UNUSED_VARIABLE = YES;
				IPHONEOS_DEPLOYMENT_TARGET = 8.3;
				MTL_ENABLE_DEBUG_INFO = NO;
				SDKROOT = iphoneos;
				VALIDATE_PRODUCT = YES;
			};
			name = Release;
		};
		A2D824B61B22BCA60012BD05 /* Debug */ = {
			isa = XCBuildConfiguration;
			buildSettings = {
				ASSETCATALOG_COMPILER_APPICON_NAME = AppIcon;
				INFOPLIST_FILE = count3/Info.plist;
				LD_RUNPATH_SEARCH_PATHS = "$(inherited) @executable_path/Frameworks";
				PRODUCT_NAME = "$(TARGET_NAME)";
			};
			name = Debug;
		};
		A2D824B71B22BCA60012BD05 /* Release */ = {
			isa = XCBuildConfiguration;
			buildSettings = {
				ASSETCATALOG_COMPILER_APPICON_NAME = AppIcon;
				INFOPLIST_FILE = count3/Info.plist;
				LD_RUNPATH_SEARCH_PATHS = "$(inherited) @executable_path/Frameworks";
				PRODUCT_NAME = "$(TARGET_NAME)";
			};
			name = Release;
		};
		A2D824B91B22BCA60012BD05 /* Debug */ = {
			isa = XCBuildConfiguration;
			buildSettings = {
				BUNDLE_LOADER = "$(TEST_HOST)";
				FRAMEWORK_SEARCH_PATHS = (
					"$(SDKROOT)/Developer/Library/Frameworks",
					"$(inherited)",
				);
				GCC_PREPROCESSOR_DEFINITIONS = (
					"DEBUG=1",
					"$(inherited)",
				);
				INFOPLIST_FILE = count3Tests/Info.plist;
				LD_RUNPATH_SEARCH_PATHS = "$(inherited) @executable_path/Frameworks @loader_path/Frameworks";
				PRODUCT_NAME = "$(TARGET_NAME)";
				TEST_HOST = "$(BUILT_PRODUCTS_DIR)/count3.app/count3";
			};
			name = Debug;
		};
		A2D824BA1B22BCA60012BD05 /* Release */ = {
			isa = XCBuildConfiguration;
			buildSettings = {
				BUNDLE_LOADER = "$(TEST_HOST)";
				FRAMEWORK_SEARCH_PATHS = (
					"$(SDKROOT)/Developer/Library/Frameworks",
					"$(inherited)",
				);
				INFOPLIST_FILE = count3Tests/Info.plist;
				LD_RUNPATH_SEARCH_PATHS = "$(inherited) @executable_path/Frameworks @loader_path/Frameworks";
				PRODUCT_NAME = "$(TARGET_NAME)";
				TEST_HOST = "$(BUILT_PRODUCTS_DIR)/count3.app/count3";
			};
			name = Release;
		};
/* End XCBuildConfiguration section */

/* Begin XCConfigurationList section */
		A2D8248E1B22BCA60012BD05 /* Build configuration list for PBXProject "count3" */ = {
			isa = XCConfigurationList;
			buildConfigurations = (
				A2D824B31B22BCA60012BD05 /* Debug */,
				A2D824B41B22BCA60012BD05 /* Release */,
			);
			defaultConfigurationIsVisible = 0;
			defaultConfigurationName = Release;
		};
		A2D824B51B22BCA60012BD05 /* Build configuration list for PBXNativeTarget "count3" */ = {
			isa = XCConfigurationList;
			buildConfigurations = (
				A2D824B61B22BCA60012BD05 /* Debug */,
				A2D824B71B22BCA60012BD05 /* Release */,
			);
			defaultConfigurationIsVisible = 0;
		};
		A2D824B81B22BCA60012BD05 /* Build configuration list for PBXNativeTarget "count3Tests" */ = {
			isa = XCConfigurationList;
			buildConfigurations = (
				A2D824B91B22BCA60012BD05 /* Debug */,
				A2D824BA1B22BCA60012BD05 /* Release */,
			);
			defaultConfigurationIsVisible = 0;
		};
/* End XCConfigurationList section */

/* Begin XCVersionGroup section */
		A2D8249A1B22BCA60012BD05 /* count3.xcdatamodeld */ = {
			isa = XCVersionGroup;
			children = (
				A2D8249B1B22BCA60012BD05 /* count3.xcdatamodel */,
			);
			currentVersion = A2D8249B1B22BCA60012BD05 /* count3.xcdatamodel */;
			path = count3.xcdatamodeld;
			sourceTree = "<group>";
			versionGroupType = wrapper.xcdatamodel;
		};
/* End XCVersionGroup section */
	};
	rootObject = A2D8248B1B22BCA60012BD05 /* Project object */;
}
